github.com/davecgh/go-spew v1.1.0 h1:ZDRjVQ15GmhC3fiQ8ni8+OwkZQO4DARzQgrnXU1Liz8=
github.com/davecgh/go-spew v1.1.0/go.mod h1:J7Y8YcW2NihsgmVo/mv3lAwl/skON4iLHjSsI+c5H38=
github.com/flopp/go-coordsparser v0.0.0-20240403152942-4891dc40d0a7 h1:ZYEbOgGPFGLZwkLxRjV9zxZAIR1lExrNfFnObG/peek=
github.com/flopp/go-coordsparser v0.0.0-20240403152942-4891dc40d0a7/go.mod h1:7y/2PxXfR1mGtIQFNtFE1daHIka2e8J480Bsm+MiCpk=
github.com/flopp/go-coordsparser v0.0.0-20250311184423-61a7ff62d17c h1:HNRXT/BVRhDaHuFjFQ81mHd+DAmkRJXIELEL05LCDpk=
github.com/flopp/go-coordsparser v0.0.0-20250311184423-61a7ff62d17c/go.mod h1:7y/2PxXfR1mGtIQFNtFE1daHIka2e8J480Bsm+MiCpk=
github.com/flopp/go-staticmaps v0.0.0-20240606055734-0bdd9c1c1478 h1:rKlN4NCEUFdQ+pFGHchbZmRarzflkKtupcmqbxZNOZY=
github.com/flopp/go-staticmaps v0.0.0-20240606055734-0bdd9c1c1478/go.mod h1:Rr7/JmBsMZMKycTY56uTrDJtTPp3dbqxIudNljFNYs4=
github.com/flopp/go-staticmaps v0.0.0-20250129201323-615576df0b98 h1:XgpBarTAm2Pg87YB/kP3EAznxNRJ+g3SRXBjJ9Wb1S8=
github.com/flopp/go-staticmaps v0.0.0-20250129201323-615576df0b98/go.mod h1:Uz/y4kzrJ00dbbPerc31KO28+pse6uohQVO/Zkk7L50=
github.com/flopp/go-staticmaps v0.0.0-20250202123925-042793d68a9b h1:ZGS3lNqoGCpIdfDbZFPpuj9FO/zQloqRyFmIyFVtqPY=
github.com/flopp/go-staticmaps v0.0.0-20250202123925-042793d68a9b/go.mod h1:3w56NTurrRLVvorriaf+JSAHHZ23hKX+oYhIdH9TQWY=
github.com/flopp/go-staticmaps v0.0.0-20250206111937-47d062eaabce h1:DGPkVh/yfhJ7qMLa8X0GeCfAcCR6Z1sNEI20hJYY5Y4=
github.com/flopp/go-staticmaps v0.0.0-20250206111937-47d062eaabce/go.mod h1:AyiDiMHzqlHuq/fpRDs3VQ/MCrHKgHwYWnfErQvEsNg=
github.com/flopp/go-staticmaps v0.0.0-20250227150215-898c41de9235 h1:QzkJCXj4V2Fe/JeyMja7s6ap2NaIvOxXsn7WZduhLdo=
github.com/flopp/go-staticmaps v0.0.0-20250227150215-898c41de9235/go.mod h1:GeFXoRQndRgIiPIt4BEM1DSem+sXRAwsfw3uPvH5IQc=
github.com/flopp/go-staticmaps v0.0.0-20250306114558-bdc56d64f95f h1:2JqZQ3ywct5vMMjHq8l15+WGeYACsr66jM5KLGXuw70=
github.com/flopp/go-staticmaps v0.0.0-20250306114558-bdc56d64f95f/go.mod h1:3qLOqswFMAIufLl6XVZ5KIbkJQwmDFqDlyZDd1V4CV4=
github.com/flopp/go-staticmaps v0.0.0-20250313113111-282a4426879b h1:a2kKup8Er7z067tpMowrKw3M16ME0D/ZqDiGGcLn+7Q=
github.com/flopp/go-staticmaps v0.0.0-20250313113111-282a4426879b/go.mod h1:xc/lYdJrqSz4kZmI3hWwpuUgjd4pPovKDkbF1vJmTGU=
github.com/flopp/go-staticmaps v0.0.0-20250317182602-a01ce55b61bf h1:kxHn1N692hbcHWb/oBdyRv/C/H7XPTaEfZ7nlm6m0t8=
github.com/flopp/go-staticmaps v0.0.0-20250317182602-a01ce55b61bf/go.mod h1:Gy3N3+YQb8h7WIUJirn4GGL9F5peQlok3li75I8/KGw=
github.com/flopp/go-staticmaps v0.0.0-20250319090031-3c7a239347e4 h1:4AVytTgF8z6As1VSO49cT0ujNRna5c/7RS6N82V2xIw=
github.com/flopp/go-staticmaps v0.0.0-20250319090031-3c7a239347e4/go.mod h1:E/rjxYfM0ex+0Ppr0gQcct1FySy8iXa5b4MP9ew5kJA=
github.com/fogleman/gg v1.3.0 h1:/7zJX8F6AaYQc57WQCyN9cAIz+4bCJGO9B+dyW29am8=
github.com/fogleman/gg v1.3.0/go.mod h1:R/bRT+9gY/C5z7JzPU0zXsXHKM4/ayA+zqcVNZzPa1k=
github.com/golang/freetype v0.0.0-20170609003504-e2365dfdc4a0 h1:DACJavvAHhabrF08vX0COfcOBJRhZ8lUbR+ZWIs0Y5g=
github.com/golang/freetype v0.0.0-20170609003504-e2365dfdc4a0/go.mod h1:E/TSTwGwJL78qG/PmXZO1EjYhfJinVAhrmmHX6Z8B9k=
github.com/golang/geo v0.0.0-20230421003525-6adc56603217 h1:HKlyj6in2JV6wVkmQ4XmG/EIm+SCYlPZ+V4GWit7Z+I=
github.com/golang/geo v0.0.0-20230421003525-6adc56603217/go.mod h1:8wI0hitZ3a1IxZfeH3/5I97CI8i5cLGsYe7xNhQGs9U=
github.com/golang/geo v0.0.0-20250317153850-29de3e103b13 h1:e2S7U1amR2jQJiyI1QkSPSRmieYNj6msVKDJpg+rRKg=
github.com/golang/geo v0.0.0-20250317153850-29de3e103b13/go.mod h1:J+F9/3Ofc8ysEOY2/cNjxTMl2eB1gvPIywEHUplPgDA=
github.com/golang/geo v0.0.0-20250319031623-61885490c193 h1:gL4cAiIU/8f9doSTUFkZ8ejX1czxaCSKF18E1ELTRxY=
github.com/golang/geo v0.0.0-20250319031623-61885490c193/go.mod h1:J+F9/3Ofc8ysEOY2/cNjxTMl2eB1gvPIywEHUplPgDA=
github.com/golang/geo v0.0.0-20250321002858-2bb09a976f49 h1:JJ32MDIC/hIQ/Fq8Ej9Hgh1s3D82FYNMt54WYViOI7Y=
github.com/golang/geo v0.0.0-20250321002858-2bb09a976f49/go.mod h1:J+F9/3Ofc8ysEOY2/cNjxTMl2eB1gvPIywEHUplPgDA=
github.com/golang/geo v0.0.0-20250324010448-bc23e40121c4 h1:OrFwCvn/b4/QGIM7f7kRQALkfti98unGN+eC8Ecz+uQ=
github.com/golang/geo v0.0.0-20250324010448-bc23e40121c4/go.mod h1:J+F9/3Ofc8ysEOY2/cNjxTMl2eB1gvPIywEHUplPgDA=
github.com/golang/geo v0.0.0-20250328065203-0b6e08c212fb h1:eqdj1jSZjgmPdSl2lr3rAwJykSe9jHxPN1zLuasKVh0=
github.com/golang/geo v0.0.0-20250328065203-0b6e08c212fb/go.mod h1:J+F9/3Ofc8ysEOY2/cNjxTMl2eB1gvPIywEHUplPgDA=
github.com/gorilla/websocket v1.5.1 h1:gmztn0JnHVt9JZquRuzLw3g4wouNVzKL15iLr/zn/QY=
github.com/gorilla/websocket v1.5.1/go.mod h1:x3kM2JMyaluk02fnUJpQuwD2dCS5NDG2ZHL0uE0tcaY=
github.com/mattn/go-mastodon v0.0.9 h1:zAlQF0LMumKPQLNR7dZL/YVCrvr4iP6ayyzxTR3vsSw=
github.com/mattn/go-mastodon v0.0.9/go.mod h1:8YkqetHoAVEktRkK15qeiv/aaIMfJ/Gc89etisPZtHU=
github.com/mazznoer/csscolorparser v0.1.5 h1:Wr4uNIE+pHWN3TqZn2SGpA2nLRG064gB7WdSfSS5cz4=
github.com/mazznoer/csscolorparser v0.1.5/go.mod h1:OQRVvgCyHDCAquR1YWfSwwaDcM0LhnSffGnlbOew/3I=
github.com/pmezard/go-difflib v1.0.0 h1:4DBwDE0NGyQoBHbLQYPwSUPoCMWR5BEzIk/f1lZbAQM=
github.com/pmezard/go-difflib v1.0.0/go.mod h1:iKH77koFhYxTK1pcRnkKkqfTogsbg7gZNVY4sRDYZ/4=
github.com/stretchr/objx v0.1.0/go.mod h1:HFkY916IF+rwdDfMAkV7OtwuqBVzrE8GR6GFx+wExME=
github.com/stretchr/testify v1.7.0 h1:nwc3DEeHmmLAfoZucVR881uASk0Mfjw8xYJ99tb5CcY=
github.com/stretchr/testify v1.7.0/go.mod h1:6Fq8oRcR53rry900zMqJjRRixrwX3KX962/h/Wwjteg=
github.com/tkrajina/gpxgo v1.4.0 h1:cSD5uSwy3VZuNFieTEZLyRnuIwhonQEkGPkPGW4XNag=
github.com/tkrajina/gpxgo v1.4.0/go.mod h1:BXSMfUAvKiEhMEXAFM2NvNsbjsSvp394mOvdcNjettg=
github.com/tomnomnom/linkheader v0.0.0-20180905144013-02ca5825eb80 h1:nrZ3ySNYwJbSpD6ce9duiP+QkD3JuLCcWkdaehUS/3Y=
github.com/tomnomnom/linkheader v0.0.0-20180905144013-02ca5825eb80/go.mod h1:iFyPdL66DjUD96XmzVL3ZntbzcflLnznH0fr99w5VqE=
golang.org/x/exp v0.0.0-20250106191152-7588d65b2ba8 h1:yqrTHse8TCMW1M1ZCP+VAR/l0kKxwaAIqN/il7x4voA=
golang.org/x/exp v0.0.0-20250106191152-7588d65b2ba8/go.mod h1:tujkw807nyEEAamNbDrEGzRav+ilXA7PCRAd6xsmwiU=
golang.org/x/exp v0.0.0-20250128182459-e0ece0dbea4c h1:KL/ZBHXgKGVmuZBZ01Lt57yE5ws8ZPSkkihmEyq7FXc=
golang.org/x/exp v0.0.0-20250128182459-e0ece0dbea4c/go.mod h1:tujkw807nyEEAamNbDrEGzRav+ilXA7PCRAd6xsmwiU=
golang.org/x/exp v0.0.0-20250207012021-f9890c6ad9f3 h1:qNgPs5exUA+G0C96DrPwNrvLSj7GT/9D+3WMWUcUg34=
golang.org/x/exp v0.0.0-20250207012021-f9890c6ad9f3/go.mod h1:tujkw807nyEEAamNbDrEGzRav+ilXA7PCRAd6xsmwiU=
golang.org/x/exp v0.0.0-20250210185358-939b2ce775ac h1:l5+whBCLH3iH2ZNHYLbAe58bo7yrN4mVcnkHDYz5vvs=
golang.org/x/exp v0.0.0-20250210185358-939b2ce775ac/go.mod h1:hH+7mtFmImwwcMvScyxUhjuVHR3HGaDPMn9rMSUUbxo=
golang.org/x/exp v0.0.0-20250215185904-eff6e970281f h1:oFMYAjX0867ZD2jcNiLBrI9BdpmEkvPyi5YrBGXbamg=
golang.org/x/exp v0.0.0-20250215185904-eff6e970281f/go.mod h1:BHOTPb3L19zxehTsLoJXVaTktb06DFgmdW6Wb9s8jqk=
golang.org/x/exp v0.0.0-20250218142911-aa4b98e5adaa h1:t2QcU6V556bFjYgu4L6C+6VrCPyJZ+eyRsABUPs1mz4=
golang.org/x/exp v0.0.0-20250218142911-aa4b98e5adaa/go.mod h1:BHOTPb3L19zxehTsLoJXVaTktb06DFgmdW6Wb9s8jqk=
golang.org/x/exp v0.0.0-20250228200357-dead58393ab7 h1:aWwlzYV971S4BXRS9AmqwDLAD85ouC6X+pocatKY58c=
golang.org/x/exp v0.0.0-20250228200357-dead58393ab7/go.mod h1:BHOTPb3L19zxehTsLoJXVaTktb06DFgmdW6Wb9s8jqk=
golang.org/x/exp v0.0.0-20250305212735-054e65f0b394 h1:nDVHiLt8aIbd/VzvPWN6kSOPE7+F/fNFDSXLVYkE/Iw=
golang.org/x/exp v0.0.0-20250305212735-054e65f0b394/go.mod h1:sIifuuw/Yco/y6yb6+bDNfyeQ/MdPUy/hKEMYQV17cM=
golang.org/x/image v0.23.0 h1:HseQ7c2OpPKTPVzNjG5fwJsOTCiiwS4QdsYi5XU6H68=
golang.org/x/image v0.23.0/go.mod h1:wJJBTdLfCCf3tiHa1fNxpZmUI4mmoZvwMCPP0ddoNKY=
golang.org/x/image v0.24.0 h1:AN7zRgVsbvmTfNyqIbbOraYL8mSwcKncEj8ofjgzcMQ=
golang.org/x/image v0.24.0/go.mod h1:4b/ITuLfqYq1hqZcjofwctIhi7sZh2WaCjvsBNjjya8=
golang.org/x/image v0.25.0 h1:Y6uW6rH1y5y/LK1J8BPWZtr6yZ7hrsy6hFrXjgsc2fQ=
golang.org/x/image v0.25.0/go.mod h1:tCAmOEGthTtkalusGp1g3xa2gke8J6c2N565dTyl9Rs=
golang.org/x/net v0.0.0-20210614182718-04defd469f4e/go.mod h1:9nx3DQGgdP8bBQD5qxJ1jj9UTztislL4KSBs9R2vV5Y=
golang.org/x/net v0.34.0 h1:Mb7Mrk043xzHgnRM88suvJFwzVrRfHEHJEl5/71CKw0=
golang.org/x/net v0.34.0/go.mod h1:di0qlW3YNM5oh6GqDGQr92MyTozJPmybPK4Ev/Gm31k=
golang.org/x/sys v0.0.0-20201119102817-f84b799fce68/go.mod h1:h1NjWce9XRLGQEsW7wpKNCjG9DtNlClVuFLEZdDNbEs=
golang.org/x/sys v0.0.0-20210423082822-04245dca01da/go.mod h1:h1NjWce9XRLGQEsW7wpKNCjG9DtNlClVuFLEZdDNbEs=
golang.org/x/term v0.0.0-20201126162022-7de9c90e9dd1/go.mod h1:bj7SfCRtBDWHUb9snDiAeCFNEtKQo2Wmx5Cou7ajbmo=
golang.org/x/text v0.3.6/go.mod h1:5Zoc/QRtKVWzQhOtBMvqHzDpF6irO9z98xDceosuGiQ=
golang.org/x/text v0.21.0 h1:zyQAAkrwaneQ066sspRyJaG9VNi/YJ1NfzcGB3hZ/qo=
golang.org/x/text v0.21.0/go.mod h1:4IBbMaMmOPCJ8SecivzSH54+73PCFmPWxNTLm+vZkEQ=
golang.org/x/text v0.22.0 h1:bofq7m3/HAFvbF51jz3Q9wLg3jkvSPuiZu/pD1XwgtM=
golang.org/x/text v0.22.0/go.mod h1:YRoo4H8PVmsu+E3Ou7cqLVH8oXWIHVoX0jqUWALQhfY=
golang.org/x/text v0.23.0 h1:D71I7dUrlY+VX0gQShAThNGHFxZ13dGLBHQLVl1mJlY=
golang.org/x/text v0.23.0/go.mod h1:/BLNzu4aZCJ1+kcD0DNRotWKage4q2rGVAg4o22unh4=
golang.org/x/tools v0.0.0-20180917221912-90fa682c2a6e/go.mod h1:n7NCudcB/nEzxVGmLbDWY5pfWTLqBcC2KZ6jyYvM4mQ=
gopkg.in/check.v1 v0.0.0-20161208181325-20d25e280405/go.mod h1:Co6ibVJAznAaIkqp8huTwlJQCZ016jof/cbN4VW5Yz0=
gopkg.in/yaml.v3 v3.0.0-20200313102051-9f266ea9e77c h1:dUUwHk2QECo/6vqA44rthZ8ie2QXMNeKRTHCNY2nXvo=
gopkg.in/yaml.v3 v3.0.0-20200313102051-9f266ea9e77c/go.mod h1:K4uyk7z7BCEPqu6E+C64Yfv1cQ7kz7rIZviUmN+EgEM=
